
Microsoft Visual Studio Solution File, Format Version 12.00
# Visual Studio Version 17
VisualStudioVersion = 17.2.32526.322
MinimumVisualStudioVersion = 10.0.40219.1
Project("{FAE04EC0-301F-11D3-BF4B-00C04F79EFBC}") = "BigFootIT_App_Demo", "BigFootIT_App_Demo\BigFootIT_App_Demo.csproj", "{95F3CB64-527E-416C-BB35-00D99D7E3363}"
EndProject
Global
	GlobalSection(SolutionConfigurationPlatforms) = preSolution
		Debug|Any CPU = Debug|Any CPU
		Release|Any CPU = Release|Any CPU
	EndGlobalSection
	GlobalSection(ProjectConfigurationPlatforms) = postSolution
		{95F3CB64-527E-416C-BB35-00D99D7E3363}.Debug|Any CPU.ActiveCfg = Debug|Any CPU
		{95F3CB64-527E-416C-BB35-00D99D7E3363}.Debug|Any CPU.Build.0 = Debug|Any CPU
		{95F3CB64-527E-416C-BB35-00D99D7E3363}.Release|Any CPU.ActiveCfg = Release|Any CPU
		{95F3CB64-527E-416C-BB35-00D99D7E3363}.Release|Any CPU.Build.0 = Release|Any CPU
	EndGlobalSection
	GlobalSection(SolutionProperties) = preSolution
		HideSolutionNode = FALSE
	EndGlobalSection
	GlobalSection(ExtensibilityGlobals) = postSolution
		SolutionGuid = {CC09F2C1-EF16-47F3-830E-66CCF2D96003}
	EndGlobalSection
EndGlobal
